
Microsoft Visual Studio Solution File, Format Version 12.00
# Visual Studio Version 17
VisualStudioVersion = 17.8.34525.116
MinimumVisualStudioVersion = 10.0.40219.1
Project("{9A19103F-16F7-4668-BE54-9A1E7A4F7556}") = "PokladniSystem.Web", "PokladniSystem\PokladniSystem.Web.csproj", "{EBF95481-F38E-492B-BF62-3D0E908B5DCA}"
EndProject
Project("{FAE04EC0-301F-11D3-BF4B-00C04F79EFBC}") = "PokladniSystem.Application", "PokladniSystem.Application\PokladniSystem.Application.csproj", "{7152D0C1-190B-439B-A3D3-426D9214E2A2}"
EndProject
Project("{FAE04EC0-301F-11D3-BF4B-00C04F79EFBC}") = "PokladniSystem.Domain", "PokladniSystem.Domain\PokladniSystem.Domain.csproj", "{D01DCF8C-B6E0-463B-BDF0-E70EFA854528}"
EndProject
Project("{FAE04EC0-301F-11D3-BF4B-00C04F79EFBC}") = "PokladniSystem.Infrastructure", "PokladniSystem.Infrastructure\PokladniSystem.Infrastructure.csproj", "{515D5230-9CB6-4B27-A763-D3A103924BE4}"
EndProject
Global
	GlobalSection(SolutionConfigurationPlatforms) = preSolution
		Debug|Any CPU = Debug|Any CPU
		Release|Any CPU = Release|Any CPU
	EndGlobalSection
	GlobalSection(ProjectConfigurationPlatforms) = postSolution
		{EBF95481-F38E-492B-BF62-3D0E908B5DCA}.Debug|Any CPU.ActiveCfg = Debug|Any CPU
		{EBF95481-F38E-492B-BF62-3D0E908B5DCA}.Debug|Any CPU.Build.0 = Debug|Any CPU
		{EBF95481-F38E-492B-BF62-3D0E908B5DCA}.Release|Any CPU.ActiveCfg = Release|Any CPU
		{EBF95481-F38E-492B-BF62-3D0E908B5DCA}.Release|Any CPU.Build.0 = Release|Any CPU
		{7152D0C1-190B-439B-A3D3-426D9214E2A2}.Debug|Any CPU.ActiveCfg = Debug|Any CPU
		{7152D0C1-190B-439B-A3D3-426D9214E2A2}.Debug|Any CPU.Build.0 = Debug|Any CPU
		{7152D0C1-190B-439B-A3D3-426D9214E2A2}.Release|Any CPU.ActiveCfg = Release|Any CPU
		{7152D0C1-190B-439B-A3D3-426D9214E2A2}.Release|Any CPU.Build.0 = Release|Any CPU
		{D01DCF8C-B6E0-463B-BDF0-E70EFA854528}.Debug|Any CPU.ActiveCfg = Debug|Any CPU
		{D01DCF8C-B6E0-463B-BDF0-E70EFA854528}.Debug|Any CPU.Build.0 = Debug|Any CPU
		{D01DCF8C-B6E0-463B-BDF0-E70EFA854528}.Release|Any CPU.ActiveCfg = Release|Any CPU
		{D01DCF8C-B6E0-463B-BDF0-E70EFA854528}.Release|Any CPU.Build.0 = Release|Any CPU
		{515D5230-9CB6-4B27-A763-D3A103924BE4}.Debug|Any CPU.ActiveCfg = Debug|Any CPU
		{515D5230-9CB6-4B27-A763-D3A103924BE4}.Debug|Any CPU.Build.0 = Debug|Any CPU
		{515D5230-9CB6-4B27-A763-D3A103924BE4}.Release|Any CPU.ActiveCfg = Release|Any CPU
		{515D5230-9CB6-4B27-A763-D3A103924BE4}.Release|Any CPU.Build.0 = Release|Any CPU
	EndGlobalSection
	GlobalSection(SolutionProperties) = preSolution
		HideSolutionNode = FALSE
	EndGlobalSection
	GlobalSection(ExtensibilityGlobals) = postSolution
		SolutionGuid = {8C6F4D1E-1F70-4803-A5CF-22F063E17970}
	EndGlobalSection
EndGlobal
